
Microsoft Visual Studio Solution File, Format Version 12.00
# Visual Studio Version 16
VisualStudioVersion = 16.0.29020.237
MinimumVisualStudioVersion = 10.0.40219.1
Project("{FAE04EC0-301F-11D3-BF4B-00C04F79EFBC}") = "projeto_jogo_xadrez", "projeto_jogo_xadrez\projeto_jogo_xadrez.csproj", "{5D34C92D-F0FA-413D-800E-7CEB0FBF0490}"
EndProject
Global
	GlobalSection(SolutionConfigurationPlatforms) = preSolution
		Debug|Any CPU = Debug|Any CPU
		Release|Any CPU = Release|Any CPU
	EndGlobalSection
	GlobalSection(ProjectConfigurationPlatforms) = postSolution
		{5D34C92D-F0FA-413D-800E-7CEB0FBF0490}.Debug|Any CPU.ActiveCfg = Debug|Any CPU
		{5D34C92D-F0FA-413D-800E-7CEB0FBF0490}.Debug|Any CPU.Build.0 = Debug|Any CPU
		{5D34C92D-F0FA-413D-800E-7CEB0FBF0490}.Release|Any CPU.ActiveCfg = Release|Any CPU
		{5D34C92D-F0FA-413D-800E-7CEB0FBF0490}.Release|Any CPU.Build.0 = Release|Any CPU
	EndGlobalSection
	GlobalSection(SolutionProperties) = preSolution
		HideSolutionNode = FALSE
	EndGlobalSection
	GlobalSection(ExtensibilityGlobals) = postSolution
		SolutionGuid = {D3910AF8-FBC1-45C5-BADB-26067A29CE62}
	EndGlobalSection
EndGlobal
